// !$*UTF8*$!
{
	archiveVersion = 1;
	classes = {
	};
	objectVersion = 56;
	objects = {

/* Begin PBXBuildFile section */
		3E8B2B6B2FEEE8AB008BF7C3 /* InternetShopApp.swift in Sources */ = {isa = PBXBuildFile; fileRef = 3E8B2B6A2FEEE8AB008BF7C3 /* InternetShopApp.swift */; };
		3E8B2B6D2FEEE8AB008BF7C3 /* ContentView.swift in Sources */ = {isa = PBXBuildFile; fileRef = 3E8B2B6C2FEEE8AB008BF7C3 /* ContentView.swift */; };
		3E8B2B6F2FEEE8AC008BF7C3 /* Assets.xcassets in Resources */ = {isa = PBXBuildFile; fileRef = 3E8B2B6E2FEEE8AC008BF7C3 /* Assets.xcassets */; };
		3E8B2B722FEEE8AC008BF7C3 /* Preview Assets.xcassets in Resources */ = {isa = PBXBuildFile; fileRef = 3E8B2B712FEEE8AC008BF7C3 /* Preview Assets.xcassets */; };
		3E8B2B7C2FEEE8AC008BF7C3 /* InternetShopTests.swift in Sources */ = {isa = PBXBuildFile; fileRef = 3E8B2B7B2FEEE8AC008BF7C3 /* InternetShopTests.swift */; };
		3E8B2B862FEEE8AC008BF7C3 /* InternetShopUITests.swift in Sources */ = {isa = PBXBuildFile; fileRef = 3E8B2B852FEEE8AC008BF7C3 /* InternetShopUITests.swift */; };
		3E8B2B882FEEE8AC008BF7C3 /* InternetShopUITestsLaunchTests.swift in Sources */ = {isa = PBXBuildFile; fileRef = 3E8B2B872FEEE8AC008BF7C3 /* InternetShopUITestsLaunchTests.swift */; };
		3E9F6E842FFABCD800D2E94F /* BrandSection.swift in Sources */ = {isa = PBXBuildFile; fileRef = 3E9F6E832FFABCD800D2E94F /* BrandSection.swift */; };
		3E9F6E862FFABD3500D2E94F /* StartShopButton.swift in Sources */ = {isa = PBXBuildFile; fileRef = 3E9F6E852FFABD3500D2E94F /* StartShopButton.swift */; };
/* End PBXBuildFile section */

/* Begin PBXContainerItemProxy section */
		3E8B2B782FEEE8AC008BF7C3 /* PBXContainerItemProxy */ = {
			isa = PBXContainerItemProxy;
			containerPortal = 3E8B2B5F2FEEE8AB008BF7C3 /* Project object */;
			proxyType = 1;
			remoteGlobalIDString = 3E8B2B662FEEE8AB008BF7C3;
			remoteInfo = InternetShop;
		};
		3E8B2B822FEEE8AC008BF7C3 /* PBXContainerItemProxy */ = {
			isa = PBXContainerItemProxy;
			containerPortal = 3E8B2B5F2FEEE8AB008BF7C3 /* Project object */;
			proxyType = 1;
			remoteGlobalIDString = 3E8B2B662FEEE8AB008BF7C3;
			remoteInfo = InternetShop;
		};
/* End PBXContainerItemProxy section */

/* Begin PBXFileReference section */
		3E8B2B672FEEE8AB008BF7C3 /* InternetShop.app */ = {isa = PBXFileReference; explicitFileType = wrapper.application; includeInIndex = 0; path = InternetShop.app; sourceTree = BUILT_PRODUCTS_DIR; };
		3E8B2B6A2FEEE8AB008BF7C3 /* InternetShopApp.swift */ = {isa = PBXFileReference; lastKnownFileType = sourcecode.swift; path = InternetShopApp.swift; sourceTree = "<group>"; };
		3E8B2B6C2FEEE8AB008BF7C3 /* ContentView.swift */ = {isa = PBXFileReference; lastKnownFileType = sourcecode.swift; path = ContentView.swift; sourceTree = "<group>"; };
		3E8B2B6E2FEEE8AC008BF7C3 /* Assets.xcassets */ = {isa = PBXFileReference; lastKnownFileType = folder.assetcatalog; path = Assets.xcassets; sourceTree = "<group>"; };
		3E8B2B712FEEE8AC008BF7C3 /* Preview Assets.xcassets */ = {isa = PBXFileReference; lastKnownFileType = folder.assetcatalog; path = "Preview Assets.xcassets"; sourceTree = "<group>"; };
		3E8B2B772FEEE8AC008BF7C3 /* InternetShopTests.xctest */ = {isa = PBXFileReference; explicitFileType = wrapper.cfbundle; includeInIndex = 0; path = InternetShopTests.xctest; sourceTree = BUILT_PRODUCTS_DIR; };
		3E8B2B7B2FEEE8AC008BF7C3 /* InternetShopTests.swift */ = {isa = PBXFileReference; lastKnownFileType = sourcecode.swift; path = InternetShopTests.swift; sourceTree = "<group>"; };
		3E8B2B812FEEE8AC008BF7C3 /* InternetShopUITests.xctest */ = {isa = PBXFileReference; explicitFileType = wrapper.cfbundle; includeInIndex = 0; path = InternetShopUITests.xctest; sourceTree = BUILT_PRODUCTS_DIR; };
		3E8B2B852FEEE8AC008BF7C3 /* InternetShopUITests.swift */ = {isa = PBXFileReference; lastKnownFileType = sourcecode.swift; path = InternetShopUITests.swift; sourceTree = "<group>"; };
		3E8B2B872FEEE8AC008BF7C3 /* InternetShopUITestsLaunchTests.swift */ = {isa = PBXFileReference; lastKnownFileType = sourcecode.swift; path = InternetShopUITestsLaunchTests.swift; sourceTree = "<group>"; };
		3E9F6E832FFABCD800D2E94F /* BrandSection.swift */ = {isa = PBXFileReference; lastKnownFileType = sourcecode.swift; path = BrandSection.swift; sourceTree = "<group>"; };
		3E9F6E852FFABD3500D2E94F /* StartShopButton.swift */ = {isa = PBXFileReference; lastKnownFileType = sourcecode.swift; path = StartShopButton.swift; sourceTree = "<group>"; };
/* End PBXFileReference section */

/* Begin PBXFrameworksBuildPhase section */
		3E8B2B642FEEE8AB008BF7C3 /* Frameworks */ = {
			isa = PBXFrameworksBuildPhase;
			buildActionMask = 2147483647;
			files = (
			);
			runOnlyForDeploymentPostprocessing = 0;
		};
		3E8B2B742FEEE8AC008BF7C3 /* Frameworks */ = {
			isa = PBXFrameworksBuildPhase;
			buildActionMask = 2147483647;
			files = (
			);
			runOnlyForDeploymentPostprocessing = 0;
		};
		3E8B2B7E2FEEE8AC008BF7C3 /* Frameworks */ = {
			isa = PBXFrameworksBuildPhase;
			buildActionMask = 2147483647;
			files = (
			);
			runOnlyForDeploymentPostprocessing = 0;
		};
/* End PBXFrameworksBuildPhase section */

/* Begin PBXGroup section */
		3E8B2B5E2FEEE8AB008BF7C3 = {
			isa = PBXGroup;
			children = (
				3E8B2B692FEEE8AB008BF7C3 /* InternetShop */,
				3E8B2B7A2FEEE8AC008BF7C3 /* InternetShopTests */,
				3E8B2B842FEEE8AC008BF7C3 /* InternetShopUITests */,
				3E8B2B682FEEE8AB008BF7C3 /* Products */,
			);
			sourceTree = "<group>";
		};
		3E8B2B682FEEE8AB008BF7C3 /* Products */ = {
			isa = PBXGroup;
			children = (
				3E8B2B672FEEE8AB008BF7C3 /* InternetShop.app */,
				3E8B2B772FEEE8AC008BF7C3 /* InternetShopTests.xctest */,
				3E8B2B812FEEE8AC008BF7C3 /* InternetShopUITests.xctest */,
			);
			name = Products;
			sourceTree = "<group>";
		};
		3E8B2B692FEEE8AB008BF7C3 /* InternetShop */ = {
			isa = PBXGroup;
			children = (
				3E8B2B702FEEE8AC008BF7C3 /* Preview Content */,
				B08F0CB63003F9A40058DF92 /* Utilities */,
				B08F0CB53003F9960058DF92 /* Extensions */,
				B08F0CB43003F9880058DF92 /* Networking */,
				B08F0CB33003F96E0058DF92 /* Services */,
				B08F0CB23003F9250058DF92 /* ViewModels */,
				B08F0CAC3003F8570058DF92 /* Views */,
				B08F0CA53003F7F60058DF92 /* Components */,
				B08F0C9A3003F5600058DF92 /* Models */,
				B08F0C973003F4CC0058DF92 /* Resources */,
				B08F0C963003F4BC0058DF92 /* App */,
			);
			path = InternetShop;
			sourceTree = "<group>";
		};
		3E8B2B702FEEE8AC008BF7C3 /* Preview Content */ = {
			isa = PBXGroup;
			children = (
				3E8B2B712FEEE8AC008BF7C3 /* Preview Assets.xcassets */,
			);
			path = "Preview Content";
			sourceTree = "<group>";
		};
		3E8B2B7A2FEEE8AC008BF7C3 /* InternetShopTests */ = {
			isa = PBXGroup;
			children = (
				3E8B2B7B2FEEE8AC008BF7C3 /* InternetShopTests.swift */,
			);
			path = InternetShopTests;
			sourceTree = "<group>";
		};
		3E8B2B842FEEE8AC008BF7C3 /* InternetShopUITests */ = {
			isa = PBXGroup;
			children = (
				3E8B2B852FEEE8AC008BF7C3 /* InternetShopUITests.swift */,
				3E8B2B872FEEE8AC008BF7C3 /* InternetShopUITestsLaunchTests.swift */,
			);
			path = InternetShopUITests;
			sourceTree = "<group>";
		};
		B08F0C963003F4BC0058DF92 /* App */ = {
			isa = PBXGroup;
			children = (
				3E8B2B6A2FEEE8AB008BF7C3 /* InternetShopApp.swift */,
			);
			path = App;
			sourceTree = "<group>";
		};
		B08F0C973003F4CC0058DF92 /* Resources */ = {
			isa = PBXGroup;
			children = (
				B08F0CB73003FC690058DF92 /* Fonts */,
				3E8B2B6E2FEEE8AC008BF7C3 /* Assets.xcassets */,
			);
			path = Resources;
			sourceTree = "<group>";
		};
		B08F0C9A3003F5600058DF92 /* Models */ = {
			isa = PBXGroup;
			children = (
			);
			path = Models;
			sourceTree = "<group>";
		};
		B08F0CA53003F7F60058DF92 /* Components */ = {
			isa = PBXGroup;
			children = (
				B08F0CAB3003F8430058DF92 /* TabBar */,
				B08F0CAA3003F8330058DF92 /* Common */,
				B08F0CA93003F82C0058DF92 /* Cells */,
				B08F0CA83003F8240058DF92 /* Cards */,
				B08F0CA73003F8190058DF92 /* Brand */,
				B08F0CA63003F80E0058DF92 /* Buttons */,
			);
			path = Components;
			sourceTree = "<group>";
		};
		B08F0CA63003F80E0058DF92 /* Buttons */ = {
			isa = PBXGroup;
			children = (
				3E9F6E852FFABD3500D2E94F /* StartShopButton.swift */,
			);
			path = Buttons;
			sourceTree = "<group>";
		};
		B08F0CA73003F8190058DF92 /* Brand */ = {
			isa = PBXGroup;
			children = (
				3E9F6E832FFABCD800D2E94F /* BrandSection.swift */,
			);
			path = Brand;
			sourceTree = "<group>";
		};
		B08F0CA83003F8240058DF92 /* Cards */ = {
			isa = PBXGroup;
			children = (
			);
			path = Cards;
			sourceTree = "<group>";
		};
		B08F0CA93003F82C0058DF92 /* Cells */ = {
			isa = PBXGroup;
			children = (
			);
			path = Cells;
			sourceTree = "<group>";
		};
		B08F0CAA3003F8330058DF92 /* Common */ = {
			isa = PBXGroup;
			children = (
			);
			path = Common;
			sourceTree = "<group>";
		};
		B08F0CAB3003F8430058DF92 /* TabBar */ = {
			isa = PBXGroup;
			children = (
			);
			path = TabBar;
			sourceTree = "<group>";
		};
		B08F0CAC3003F8570058DF92 /* Views */ = {
			isa = PBXGroup;
			children = (
				B08F0CB13003F8BB0058DF92 /* Settings */,
				B08F0CB03003F8A60058DF92 /* Cart */,
				B08F0CAF3003F8860058DF92 /* Favorites */,
				B08F0CAE3003F8700058DF92 /* Catalog */,
				B08F0CAD3003F8620058DF92 /* Home */,
			);
			path = Views;
			sourceTree = "<group>";
		};
		B08F0CAD3003F8620058DF92 /* Home */ = {
			isa = PBXGroup;
			children = (
				3E8B2B6C2FEEE8AB008BF7C3 /* ContentView.swift */,
			);
			path = Home;
			sourceTree = "<group>";
		};
		B08F0CAE3003F8700058DF92 /* Catalog */ = {
			isa = PBXGroup;
			children = (
			);
			path = Catalog;
			sourceTree = "<group>";
		};
		B08F0CAF3003F8860058DF92 /* Favorites */ = {
			isa = PBXGroup;
			children = (
			);
			path = Favorites;
			sourceTree = "<group>";
		};
		B08F0CB03003F8A60058DF92 /* Cart */ = {
			isa = PBXGroup;
			children = (
			);
			path = Cart;
			sourceTree = "<group>";
		};
		B08F0CB13003F8BB0058DF92 /* Settings */ = {
			isa = PBXGroup;
			children = (
			);
			path = Settings;
			sourceTree = "<group>";
		};
		B08F0CB23003F9250058DF92 /* ViewModels */ = {
			isa = PBXGroup;
			children = (
			);
			path = ViewModels;
			sourceTree = "<group>";
		};
		B08F0CB33003F96E0058DF92 /* Services */ = {
			isa = PBXGroup;
			children = (
			);
			path = Services;
			sourceTree = "<group>";
		};
		B08F0CB43003F9880058DF92 /* Networking */ = {
			isa = PBXGroup;
			children = (
			);
			path = Networking;
			sourceTree = "<group>";
		};
		B08F0CB53003F9960058DF92 /* Extensions */ = {
			isa = PBXGroup;
			children = (
			);
			path = Extensions;
			sourceTree = "<group>";
		};
		B08F0CB63003F9A40058DF92 /* Utilities */ = {
			isa = PBXGroup;
			children = (
			);
			path = Utilities;
			sourceTree = "<group>";
		};
		B08F0CB73003FC690058DF92 /* Fonts */ = {
			isa = PBXGroup;
			children = (
			);
			path = Fonts;
			sourceTree = "<group>";
		};
/* End PBXGroup section */

/* Begin PBXNativeTarget section */
		3E8B2B662FEEE8AB008BF7C3 /* InternetShop */ = {
			isa = PBXNativeTarget;
			buildConfigurationList = 3E8B2B8B2FEEE8AC008BF7C3 /* Build configuration list for PBXNativeTarget "InternetShop" */;
			buildPhases = (
				3E8B2B632FEEE8AB008BF7C3 /* Sources */,
				3E8B2B642FEEE8AB008BF7C3 /* Frameworks */,
				3E8B2B652FEEE8AB008BF7C3 /* Resources */,
			);
			buildRules = (
			);
			dependencies = (
			);
			name = InternetShop;
			productName = InternetShop;
			productReference = 3E8B2B672FEEE8AB008BF7C3 /* InternetShop.app */;
			productType = "com.apple.product-type.application";
		};
		3E8B2B762FEEE8AC008BF7C3 /* InternetShopTests */ = {
			isa = PBXNativeTarget;
			buildConfigurationList = 3E8B2B8E2FEEE8AC008BF7C3 /* Build configuration list for PBXNativeTarget "InternetShopTests" */;
			buildPhases = (
				3E8B2B732FEEE8AC008BF7C3 /* Sources */,
				3E8B2B742FEEE8AC008BF7C3 /* Frameworks */,
				3E8B2B752FEEE8AC008BF7C3 /* Resources */,
			);
			buildRules = (
			);
			dependencies = (
				3E8B2B792FEEE8AC008BF7C3 /* PBXTargetDependency */,
			);
			name = InternetShopTests;
			productName = InternetShopTests;
			productReference = 3E8B2B772FEEE8AC008BF7C3 /* InternetShopTests.xctest */;
			productType = "com.apple.product-type.bundle.unit-test";
		};
		3E8B2B802FEEE8AC008BF7C3 /* InternetShopUITests */ = {
			isa = PBXNativeTarget;
			buildConfigurationList = 3E8B2B912FEEE8AC008BF7C3 /* Build configuration list for PBXNativeTarget "InternetShopUITests" */;
			buildPhases = (
				3E8B2B7D2FEEE8AC008BF7C3 /* Sources */,
				3E8B2B7E2FEEE8AC008BF7C3 /* Frameworks */,
				3E8B2B7F2FEEE8AC008BF7C3 /* Resources */,
			);
			buildRules = (
			);
			dependencies = (
				3E8B2B832FEEE8AC008BF7C3 /* PBXTargetDependency */,
			);
			name = InternetShopUITests;
			productName = InternetShopUITests;
			productReference = 3E8B2B812FEEE8AC008BF7C3 /* InternetShopUITests.xctest */;
			productType = "com.apple.product-type.bundle.ui-testing";
		};
/* End PBXNativeTarget section */

/* Begin PBXProject section */
		3E8B2B5F2FEEE8AB008BF7C3 /* Project object */ = {
			isa = PBXProject;
			attributes = {
				BuildIndependentTargetsInParallel = 1;
				LastSwiftUpdateCheck = 1420;
				LastUpgradeCheck = 1420;
				TargetAttributes = {
					3E8B2B662FEEE8AB008BF7C3 = {
						CreatedOnToolsVersion = 14.2;
					};
					3E8B2B762FEEE8AC008BF7C3 = {
						CreatedOnToolsVersion = 14.2;
						TestTargetID = 3E8B2B662FEEE8AB008BF7C3;
					};
					3E8B2B802FEEE8AC008BF7C3 = {
						CreatedOnToolsVersion = 14.2;
						TestTargetID = 3E8B2B662FEEE8AB008BF7C3;
					};
				};
			};
			buildConfigurationList = 3E8B2B622FEEE8AB008BF7C3 /* Build configuration list for PBXProject "InternetShop" */;
			compatibilityVersion = "Xcode 14.0";
			developmentRegion = en;
			hasScannedForEncodings = 0;
			knownRegions = (
				en,
				Base,
			);
			mainGroup = 3E8B2B5E2FEEE8AB008BF7C3;
			productRefGroup = 3E8B2B682FEEE8AB008BF7C3 /* Products */;
			projectDirPath = "";
			projectRoot = "";
			targets = (
				3E8B2B662FEEE8AB008BF7C3 /* InternetShop */,
				3E8B2B762FEEE8AC008BF7C3 /* InternetShopTests */,
				3E8B2B802FEEE8AC008BF7C3 /* InternetShopUITests */,
			);
		};
/* End PBXProject section */

/* Begin PBXResourcesBuildPhase section */
		3E8B2B652FEEE8AB008BF7C3 /* Resources */ = {
			isa = PBXResourcesBuildPhase;
			buildActionMask = 2147483647;
			files = (
				3E8B2B722FEEE8AC008BF7C3 /* Preview Assets.xcassets in Resources */,
				3E8B2B6F2FEEE8AC008BF7C3 /* Assets.xcassets in Resources */,
			);
			runOnlyForDeploymentPostprocessing = 0;
		};
		3E8B2B752FEEE8AC008BF7C3 /* Resources */ = {
			isa = PBXResourcesBuildPhase;
			buildActionMask = 2147483647;
			files = (
			);
			runOnlyForDeploymentPostprocessing = 0;
		};
		3E8B2B7F2FEEE8AC008BF7C3 /* Resources */ = {
			isa = PBXResourcesBuildPhase;
			buildActionMask = 2147483647;
			files = (
			);
			runOnlyForDeploymentPostprocessing = 0;
		};
/* End PBXResourcesBuildPhase section */

/* Begin PBXSourcesBuildPhase section */
		3E8B2B632FEEE8AB008BF7C3 /* Sources */ = {
			isa = PBXSourcesBuildPhase;
			buildActionMask = 2147483647;
			files = (
				3E9F6E862FFABD3500D2E94F /* StartShopButton.swift in Sources */,
				3E9F6E842FFABCD800D2E94F /* BrandSection.swift in Sources */,
				3E8B2B6D2FEEE8AB008BF7C3 /* ContentView.swift in Sources */,
				3E8B2B6B2FEEE8AB008BF7C3 /* InternetShopApp.swift in Sources */,
			);
			runOnlyForDeploymentPostprocessing = 0;
		};
		3E8B2B732FEEE8AC008BF7C3 /* Sources */ = {
			isa = PBXSourcesBuildPhase;
			buildActionMask = 2147483647;
			files = (
				3E8B2B7C2FEEE8AC008BF7C3 /* InternetShopTests.swift in Sources */,
			);
			runOnlyForDeploymentPostprocessing = 0;
		};
		3E8B2B7D2FEEE8AC008BF7C3 /* Sources */ = {
			isa = PBXSourcesBuildPhase;
			buildActionMask = 2147483647;
			files = (
				3E8B2B862FEEE8AC008BF7C3 /* InternetShopUITests.swift in Sources */,
				3E8B2B882FEEE8AC008BF7C3 /* InternetShopUITestsLaunchTests.swift in Sources */,
			);
			runOnlyForDeploymentPostprocessing = 0;
		};
/* End PBXSourcesBuildPhase section */

/* Begin PBXTargetDependency section */
		3E8B2B792FEEE8AC008BF7C3 /* PBXTargetDependency */ = {
			isa = PBXTargetDependency;
			target = 3E8B2B662FEEE8AB008BF7C3 /* InternetShop */;
			targetProxy = 3E8B2B782FEEE8AC008BF7C3 /* PBXContainerItemProxy */;
		};
		3E8B2B832FEEE8AC008BF7C3 /* PBXTargetDependency */ = {
			isa = PBXTargetDependency;
			target = 3E8B2B662FEEE8AB008BF7C3 /* InternetShop */;
			targetProxy = 3E8B2B822FEEE8AC008BF7C3 /* PBXContainerItemProxy */;
		};
/* End PBXTargetDependency section */

/* Begin XCBuildConfiguration section */
		3E8B2B892FEEE8AC008BF7C3 /* Debug */ = {
			isa = XCBuildConfiguration;
			buildSettings = {
				ALWAYS_SEARCH_USER_PATHS = NO;
				CLANG_ANALYZER_NONNULL = YES;
				CLANG_ANALYZER_NUMBER_OBJECT_CONVERSION = YES_AGGRESSIVE;
				CLANG_CXX_LANGUAGE_STANDARD = "gnu++20";
				CLANG_ENABLE_MODULES = YES;
				CLANG_ENABLE_OBJC_ARC = YES;
				CLANG_ENABLE_OBJC_WEAK = YES;
				CLANG_WARN_BLOCK_CAPTURE_AUTORELEASING = YES;
				CLANG_WARN_BOOL_CONVERSION = YES;
				CLANG_WARN_COMMA = YES;
				CLANG_WARN_CONSTANT_CONVERSION = YES;
				CLANG_WARN_DEPRECATED_OBJC_IMPLEMENTATIONS = YES;
				CLANG_WARN_DIRECT_OBJC_ISA_USAGE = YES_ERROR;
				CLANG_WARN_DOCUMENTATION_COMMENTS = YES;
				CLANG_WARN_EMPTY_BODY = YES;
				CLANG_WARN_ENUM_CONVERSION = YES;
				CLANG_WARN_INFINITE_RECURSION = YES;
				CLANG_WARN_INT_CONVERSION = YES;
				CLANG_WARN_NON_LITERAL_NULL_CONVERSION = YES;
				CLANG_WARN_OBJC_IMPLICIT_RETAIN_SELF = YES;
				CLANG_WARN_OBJC_LITERAL_CONVERSION = YES;
				CLANG_WARN_OBJC_ROOT_CLASS = YES_ERROR;
				CLANG_WARN_QUOTED_INCLUDE_IN_FRAMEWORK_HEADER = YES;
				CLANG_WARN_RANGE_LOOP_ANALYSIS = YES;
				CLANG_WARN_STRICT_PROTOTYPES = YES;
				CLANG_WARN_SUSPICIOUS_MOVE = YES;
				CLANG_WARN_UNGUARDED_AVAILABILITY = YES_AGGRESSIVE;
				CLANG_WARN_UNREACHABLE_CODE = YES;
				CLANG_WARN__DUPLICATE_METHOD_MATCH = YES;
				COPY_PHASE_STRIP = NO;
				DEBUG_INFORMATION_FORMAT = dwarf;
				ENABLE_STRICT_OBJC_MSGSEND = YES;
				ENABLE_TESTABILITY = YES;
				GCC_C_LANGUAGE_STANDARD = gnu11;
				GCC_DYNAMIC_NO_PIC = NO;
				GCC_NO_COMMON_BLOCKS = YES;
				GCC_OPTIMIZATION_LEVEL = 0;
				GCC_PREPROCESSOR_DEFINITIONS = (
					"DEBUG=1",
					"$(inherited)",
				);
				GCC_WARN_64_TO_32_BIT_CONVERSION = YES;
				GCC_WARN_ABOUT_RETURN_TYPE = YES_ERROR;
				GCC_WARN_UNDECLARED_SELECTOR = YES;
				GCC_WARN_UNINITIALIZED_AUTOS = YES_AGGRESSIVE;
				GCC_WARN_UNUSED_FUNCTION = YES;
				GCC_WARN_UNUSED_VARIABLE = YES;
				IPHONEOS_DEPLOYMENT_TARGET = 16.2;
				MTL_ENABLE_DEBUG_INFO = INCLUDE_SOURCE;
				MTL_FAST_MATH = YES;
				ONLY_ACTIVE_ARCH = YES;
				SDKROOT = iphoneos;
				SWIFT_ACTIVE_COMPILATION_CONDITIONS = DEBUG;
				SWIFT_OPTIMIZATION_LEVEL = "-Onone";
			};
			name = Debug;
		};
		3E8B2B8A2FEEE8AC008BF7C3 /* Release */ = {
			isa = XCBuildConfiguration;
			buildSettings = {
				ALWAYS_SEARCH_USER_PATHS = NO;
				CLANG_ANALYZER_NONNULL = YES;
				CLANG_ANALYZER_NUMBER_OBJECT_CONVERSION = YES_AGGRESSIVE;
				CLANG_CXX_LANGUAGE_STANDARD = "gnu++20";
				CLANG_ENABLE_MODULES = YES;
				CLANG_ENABLE_OBJC_ARC = YES;
				CLANG_ENABLE_OBJC_WEAK = YES;
				CLANG_WARN_BLOCK_CAPTURE_AUTORELEASING = YES;
				CLANG_WARN_BOOL_CONVERSION = YES;
				CLANG_WARN_COMMA = YES;
				CLANG_WARN_CONSTANT_CONVERSION = YES;
				CLANG_WARN_DEPRECATED_OBJC_IMPLEMENTATIONS = YES;
				CLANG_WARN_DIRECT_OBJC_ISA_USAGE = YES_ERROR;
				CLANG_WARN_DOCUMENTATION_COMMENTS = YES;
				CLANG_WARN_EMPTY_BODY = YES;
				CLANG_WARN_ENUM_CONVERSION = YES;
				CLANG_WARN_INFINITE_RECURSION = YES;
				CLANG_WARN_INT_CONVERSION = YES;
				CLANG_WARN_NON_LITERAL_NULL_CONVERSION = YES;
				CLANG_WARN_OBJC_IMPLICIT_RETAIN_SELF = YES;
				CLANG_WARN_OBJC_LITERAL_CONVERSION = YES;
				CLANG_WARN_OBJC_ROOT_CLASS = YES_ERROR;
				CLANG_WARN_QUOTED_INCLUDE_IN_FRAMEWORK_HEADER = YES;
				CLANG_WARN_RANGE_LOOP_ANALYSIS = YES;
				CLANG_WARN_STRICT_PROTOTYPES = YES;
				CLANG_WARN_SUSPICIOUS_MOVE = YES;
				CLANG_WARN_UNGUARDED_AVAILABILITY = YES_AGGRESSIVE;
				CLANG_WARN_UNREACHABLE_CODE = YES;
				CLANG_WARN__DUPLICATE_METHOD_MATCH = YES;
				COPY_PHASE_STRIP = NO;
				DEBUG_INFORMATION_FORMAT = "dwarf-with-dsym";
				ENABLE_NS_ASSERTIONS = NO;
				ENABLE_STRICT_OBJC_MSGSEND = YES;
				GCC_C_LANGUAGE_STANDARD = gnu11;
				GCC_NO_COMMON_BLOCKS = YES;
				GCC_WARN_64_TO_32_BIT_CONVERSION = YES;
				GCC_WARN_ABOUT_RETURN_TYPE = YES_ERROR;
				GCC_WARN_UNDECLARED_SELECTOR = YES;
				GCC_WARN_UNINITIALIZED_AUTOS = YES_AGGRESSIVE;
				GCC_WARN_UNUSED_FUNCTION = YES;
				GCC_WARN_UNUSED_VARIABLE = YES;
				IPHONEOS_DEPLOYMENT_TARGET = 16.2;
				MTL_ENABLE_DEBUG_INFO = NO;
				MTL_FAST_MATH = YES;
				SDKROOT = iphoneos;
				SWIFT_COMPILATION_MODE = wholemodule;
				SWIFT_OPTIMIZATION_LEVEL = "-O";
				VALIDATE_PRODUCT = YES;
			};
			name = Release;
		};
		3E8B2B8C2FEEE8AC008BF7C3 /* Debug */ = {
			isa = XCBuildConfiguration;
			buildSettings = {
				ASSETCATALOG_COMPILER_APPICON_NAME = AppIcon;
				ASSETCATALOG_COMPILER_GLOBAL_ACCENT_COLOR_NAME = AccentColor;
				CODE_SIGN_STYLE = Automatic;
				CURRENT_PROJECT_VERSION = 1;
				DEVELOPMENT_ASSET_PATHS = "\"InternetShop/Preview Content\"";
				ENABLE_PREVIEWS = YES;
				GENERATE_INFOPLIST_FILE = YES;
				INFOPLIST_KEY_UIApplicationSceneManifest_Generation = YES;
				INFOPLIST_KEY_UIApplicationSupportsIndirectInputEvents = YES;
				INFOPLIST_KEY_UILaunchScreen_Generation = YES;
				INFOPLIST_KEY_UISupportedInterfaceOrientations_iPad = "UIInterfaceOrientationPortrait UIInterfaceOrientationPortraitUpsideDown UIInterfaceOrientationLandscapeLeft UIInterfaceOrientationLandscapeRight";
				INFOPLIST_KEY_UISupportedInterfaceOrientations_iPhone = "UIInterfaceOrientationPortrait UIInterfaceOrientationLandscapeLeft UIInterfaceOrientationLandscapeRight";
				LD_RUNPATH_SEARCH_PATHS = (
					"$(inherited)",
					"@executable_path/Frameworks",
				);
				MARKETING_VERSION = 1.0;
				PRODUCT_BUNDLE_IDENTIFIER = com.draste.InternetShop;
				PRODUCT_NAME = "$(TARGET_NAME)";
				SWIFT_EMIT_LOC_STRINGS = YES;
				SWIFT_VERSION = 5.0;
				TARGETED_DEVICE_FAMILY = "1,2";
			};
			name = Debug;
		};
		3E8B2B8D2FEEE8AC008BF7C3 /* Release */ = {
			isa = XCBuildConfiguration;
			buildSettings = {
				ASSETCATALOG_COMPILER_APPICON_NAME = AppIcon;
				ASSETCATALOG_COMPILER_GLOBAL_ACCENT_COLOR_NAME = AccentColor;
				CODE_SIGN_STYLE = Automatic;
				CURRENT_PROJECT_VERSION = 1;
				DEVELOPMENT_ASSET_PATHS = "\"InternetShop/Preview Content\"";
				ENABLE_PREVIEWS = YES;
				GENERATE_INFOPLIST_FILE = YES;
				INFOPLIST_KEY_UIApplicationSceneManifest_Generation = YES;
				INFOPLIST_KEY_UIApplicationSupportsIndirectInputEvents = YES;
				INFOPLIST_KEY_UILaunchScreen_Generation = YES;
				INFOPLIST_KEY_UISupportedInterfaceOrientations_iPad = "UIInterfaceOrientationPortrait UIInterfaceOrientationPortraitUpsideDown UIInterfaceOrientationLandscapeLeft UIInterfaceOrientationLandscapeRight";
				INFOPLIST_KEY_UISupportedInterfaceOrientations_iPhone = "UIInterfaceOrientationPortrait UIInterfaceOrientationLandscapeLeft UIInterfaceOrientationLandscapeRight";
				LD_RUNPATH_SEARCH_PATHS = (
					"$(inherited)",
					"@executable_path/Frameworks",
				);
				MARKETING_VERSION = 1.0;
				PRODUCT_BUNDLE_IDENTIFIER = com.draste.InternetShop;
				PRODUCT_NAME = "$(TARGET_NAME)";
				SWIFT_EMIT_LOC_STRINGS = YES;
				SWIFT_VERSION = 5.0;
				TARGETED_DEVICE_FAMILY = "1,2";
			};
			name = Release;
		};
		3E8B2B8F2FEEE8AC008BF7C3 /* Debug */ = {
			isa = XCBuildConfiguration;
			buildSettings = {
				ALWAYS_EMBED_SWIFT_STANDARD_LIBRARIES = YES;
				BUNDLE_LOADER = "$(TEST_HOST)";
				CODE_SIGN_STYLE = Automatic;
				CURRENT_PROJECT_VERSION = 1;
				GENERATE_INFOPLIST_FILE = YES;
				IPHONEOS_DEPLOYMENT_TARGET = 16.2;
				MARKETING_VERSION = 1.0;
				PRODUCT_BUNDLE_IDENTIFIER = com.draste.InternetShopTests;
				PRODUCT_NAME = "$(TARGET_NAME)";
				SWIFT_EMIT_LOC_STRINGS = NO;
				SWIFT_VERSION = 5.0;
				TARGETED_DEVICE_FAMILY = "1,2";
				TEST_HOST = "$(BUILT_PRODUCTS_DIR)/InternetShop.app/$(BUNDLE_EXECUTABLE_FOLDER_PATH)/InternetShop";
			};
			name = Debug;
		};
		3E8B2B902FEEE8AC008BF7C3 /* Release */ = {
			isa = XCBuildConfiguration;
			buildSettings = {
				ALWAYS_EMBED_SWIFT_STANDARD_LIBRARIES = YES;
				BUNDLE_LOADER = "$(TEST_HOST)";
				CODE_SIGN_STYLE = Automatic;
				CURRENT_PROJECT_VERSION = 1;
				GENERATE_INFOPLIST_FILE = YES;
				IPHONEOS_DEPLOYMENT_TARGET = 16.2;
				MARKETING_VERSION = 1.0;
				PRODUCT_BUNDLE_IDENTIFIER = com.draste.InternetShopTests;
				PRODUCT_NAME = "$(TARGET_NAME)";
				SWIFT_EMIT_LOC_STRINGS = NO;
				SWIFT_VERSION = 5.0;
				TARGETED_DEVICE_FAMILY = "1,2";
				TEST_HOST = "$(BUILT_PRODUCTS_DIR)/InternetShop.app/$(BUNDLE_EXECUTABLE_FOLDER_PATH)/InternetShop";
			};
			name = Release;
		};
		3E8B2B922FEEE8AC008BF7C3 /* Debug */ = {
			isa = XCBuildConfiguration;
			buildSettings = {
				ALWAYS_EMBED_SWIFT_STANDARD_LIBRARIES = YES;
				CODE_SIGN_STYLE = Automatic;
				CURRENT_PROJECT_VERSION = 1;
				GENERATE_INFOPLIST_FILE = YES;
				MARKETING_VERSION = 1.0;
				PRODUCT_BUNDLE_IDENTIFIER = com.draste.InternetShopUITests;
				PRODUCT_NAME = "$(TARGET_NAME)";
				SWIFT_EMIT_LOC_STRINGS = NO;
				SWIFT_VERSION = 5.0;
				TARGETED_DEVICE_FAMILY = "1,2";
				TEST_TARGET_NAME = InternetShop;
			};
			name = Debug;
		};
		3E8B2B932FEEE8AC008BF7C3 /* Release */ = {
			isa = XCBuildConfiguration;
			buildSettings = {
				ALWAYS_EMBED_SWIFT_STANDARD_LIBRARIES = YES;
				CODE_SIGN_STYLE = Automatic;
				CURRENT_PROJECT_VERSION = 1;
				GENERATE_INFOPLIST_FILE = YES;
				MARKETING_VERSION = 1.0;
				PRODUCT_BUNDLE_IDENTIFIER = com.draste.InternetShopUITests;
				PRODUCT_NAME = "$(TARGET_NAME)";
				SWIFT_EMIT_LOC_STRINGS = NO;
				SWIFT_VERSION = 5.0;
				TARGETED_DEVICE_FAMILY = "1,2";
				TEST_TARGET_NAME = InternetShop;
			};
			name = Release;
		};
/* End XCBuildConfiguration section */

/* Begin XCConfigurationList section */
		3E8B2B622FEEE8AB008BF7C3 /* Build configuration list for PBXProject "InternetShop" */ = {
			isa = XCConfigurationList;
			buildConfigurations = (
				3E8B2B892FEEE8AC008BF7C3 /* Debug */,
				3E8B2B8A2FEEE8AC008BF7C3 /* Release */,
			);
			defaultConfigurationIsVisible = 0;
			defaultConfigurationName = Release;
		};
		3E8B2B8B2FEEE8AC008BF7C3 /* Build configuration list for PBXNativeTarget "InternetShop" */ = {
			isa = XCConfigurationList;
			buildConfigurations = (
				3E8B2B8C2FEEE8AC008BF7C3 /* Debug */,
				3E8B2B8D2FEEE8AC008BF7C3 /* Release */,
			);
			defaultConfigurationIsVisible = 0;
			defaultConfigurationName = Release;
		};
		3E8B2B8E2FEEE8AC008BF7C3 /* Build configuration list for PBXNativeTarget "InternetShopTests" */ = {
			isa = XCConfigurationList;
			buildConfigurations = (
				3E8B2B8F2FEEE8AC008BF7C3 /* Debug */,
				3E8B2B902FEEE8AC008BF7C3 /* Release */,
			);
			defaultConfigurationIsVisible = 0;
			defaultConfigurationName = Release;
		};
		3E8B2B912FEEE8AC008BF7C3 /* Build configuration list for PBXNativeTarget "InternetShopUITests" */ = {
			isa = XCConfigurationList;
			buildConfigurations = (
				3E8B2B922FEEE8AC008BF7C3 /* Debug */,
				3E8B2B932FEEE8AC008BF7C3 /* Release */,
			);
			defaultConfigurationIsVisible = 0;
			defaultConfigurationName = Release;
		};
/* End XCConfigurationList section */
	};
	rootObject = 3E8B2B5F2FEEE8AB008BF7C3 /* Project object */;
}
